Microsoft Visual Studio Solution File, Format Version 12.00
# Visual Studio 2013
Project("{8BC9CEB8-8B4A-11D0-8D11-00A0C91BC942}") = "ALL_BUILD", "ALL_BUILD.vcxproj", "{450DC854-F39D-3519-8DCB-65184F121388}"
	ProjectSection(ProjectDependencies) = postProject
		{CF92D48B-0FAE-34E7-8091-0B00592DF6D4} = {CF92D48B-0FAE-34E7-8091-0B00592DF6D4}
		{273C6B76-1B27-3DE9-AFD2-901AB8828D93} = {273C6B76-1B27-3DE9-AFD2-901AB8828D93}
	EndProjectSection
EndProject
Project("{8BC9CEB8-8B4A-11D0-8D11-00A0C91BC942}") = "INSTALL", "INSTALL.vcxproj", "{8687FC59-F9B4-3670-8ECE-CF391B34977A}"
	ProjectSection(ProjectDependencies) = postProject
		{450DC854-F39D-3519-8DCB-65184F121388} = {450DC854-F39D-3519-8DCB-65184F121388}
		{CF92D48B-0FAE-34E7-8091-0B00592DF6D4} = {CF92D48B-0FAE-34E7-8091-0B00592DF6D4}
	EndProjectSection
EndProject
Project("{8BC9CEB8-8B4A-11D0-8D11-00A0C91BC942}") = "ZERO_CHECK", "ZERO_CHECK.vcxproj", "{CF92D48B-0FAE-34E7-8091-0B00592DF6D4}"
	ProjectSection(ProjectDependencies) = postProject
	EndProjectSection
EndProject
Project("{8BC9CEB8-8B4A-11D0-8D11-00A0C91BC942}") = "com_samaust_trackerrs_osvr", "com_samaust_trackerrs_osvr.vcxproj", "{273C6B76-1B27-3DE9-AFD2-901AB8828D93}"
	ProjectSection(ProjectDependencies) = postProject
		{CF92D48B-0FAE-34E7-8091-0B00592DF6D4} = {CF92D48B-0FAE-34E7-8091-0B00592DF6D4}
	EndProjectSection
EndProject
Global
	GlobalSection(SolutionConfigurationPlatforms) = preSolution
		Debug|x64 = Debug|x64
		Release|x64 = Release|x64
		MinSizeRel|x64 = MinSizeRel|x64
		RelWithDebInfo|x64 = RelWithDebInfo|x64
	EndGlobalSection
	GlobalSection(ProjectConfigurationPlatforms) = postSolution
		{450DC854-F39D-3519-8DCB-65184F121388}.Debug|x64.ActiveCfg = Debug|x64
		{450DC854-F39D-3519-8DCB-65184F121388}.Debug|x64.Build.0 = Debug|x64
		{450DC854-F39D-3519-8DCB-65184F121388}.Release|x64.ActiveCfg = Release|x64
		{450DC854-F39D-3519-8DCB-65184F121388}.Release|x64.Build.0 = Release|x64
		{450DC854-F39D-3519-8DCB-65184F121388}.MinSizeRel|x64.ActiveCfg = MinSizeRel|x64
		{450DC854-F39D-3519-8DCB-65184F121388}.MinSizeRel|x64.Build.0 = MinSizeRel|x64
		{450DC854-F39D-3519-8DCB-65184F121388}.RelWithDebInfo|x64.ActiveCfg = RelWithDebInfo|x64
		{450DC854-F39D-3519-8DCB-65184F121388}.RelWithDebInfo|x64.Build.0 = RelWithDebInfo|x64
		{8687FC59-F9B4-3670-8ECE-CF391B34977A}.Debug|x64.ActiveCfg = Debug|x64
		{8687FC59-F9B4-3670-8ECE-CF391B34977A}.Release|x64.ActiveCfg = Release|x64
		{8687FC59-F9B4-3670-8ECE-CF391B34977A}.MinSizeRel|x64.ActiveCfg = MinSizeRel|x64
		{8687FC59-F9B4-3670-8ECE-CF391B34977A}.RelWithDebInfo|x64.ActiveCfg = RelWithDebInfo|x64
		{CF92D48B-0FAE-34E7-8091-0B00592DF6D4}.Debug|x64.ActiveCfg = Debug|x64
		{CF92D48B-0FAE-34E7-8091-0B00592DF6D4}.Debug|x64.Build.0 = Debug|x64
		{CF92D48B-0FAE-34E7-8091-0B00592DF6D4}.Release|x64.ActiveCfg = Release|x64
		{CF92D48B-0FAE-34E7-8091-0B00592DF6D4}.Release|x64.Build.0 = Release|x64
		{CF92D48B-0FAE-34E7-8091-0B00592DF6D4}.MinSizeRel|x64.ActiveCfg = MinSizeRel|x64
		{CF92D48B-0FAE-34E7-8091-0B00592DF6D4}.MinSizeRel|x64.Build.0 = MinSizeRel|x64
		{CF92D48B-0FAE-34E7-8091-0B00592DF6D4}.RelWithDebInfo|x64.ActiveCfg = RelWithDebInfo|x64
		{CF92D48B-0FAE-34E7-8091-0B00592DF6D4}.RelWithDebInfo|x64.Build.0 = RelWithDebInfo|x64
		{273C6B76-1B27-3DE9-AFD2-901AB8828D93}.Debug|x64.ActiveCfg = Debug|x64
		{273C6B76-1B27-3DE9-AFD2-901AB8828D93}.Debug|x64.Build.0 = Debug|x64
		{273C6B76-1B27-3DE9-AFD2-901AB8828D93}.Release|x64.ActiveCfg = Release|x64
		{273C6B76-1B27-3DE9-AFD2-901AB8828D93}.Release|x64.Build.0 = Release|x64
		{273C6B76-1B27-3DE9-AFD2-901AB8828D93}.MinSizeRel|x64.ActiveCfg = MinSizeRel|x64
		{273C6B76-1B27-3DE9-AFD2-901AB8828D93}.MinSizeRel|x64.Build.0 = MinSizeRel|x64
		{273C6B76-1B27-3DE9-AFD2-901AB8828D93}.RelWithDebInfo|x64.ActiveCfg = RelWithDebInfo|x64
		{273C6B76-1B27-3DE9-AFD2-901AB8828D93}.RelWithDebInfo|x64.Build.0 = RelWithDebInfo|x64
	EndGlobalSection
	GlobalSection(ExtensibilityGlobals) = postSolution
	EndGlobalSection
	GlobalSection(ExtensibilityAddIns) = postSolution
	EndGlobalSection
EndGlobal
